
Microsoft Visual Studio Solution File, Format Version 12.00
# Visual Studio Version 17
VisualStudioVersion = 17.1.32414.318
MinimumVisualStudioVersion = 10.0.40219.1
Project("{FAE04EC0-301F-11D3-BF4B-00C04F79EFBC}") = "Projekt_Grafika", "Projekt_Grafika\Projekt_Grafika.csproj", "{1AAE85B1-C501-4E79-949C-247CB92A6077}"
EndProject
Global
	GlobalSection(SolutionConfigurationPlatforms) = preSolution
		Debug|Any CPU = Debug|Any CPU
		Release|Any CPU = Release|Any CPU
	EndGlobalSection
	GlobalSection(ProjectConfigurationPlatforms) = postSolution
		{1AAE85B1-C501-4E79-949C-247CB92A6077}.Debug|Any CPU.ActiveCfg = Debug|Any CPU
		{1AAE85B1-C501-4E79-949C-247CB92A6077}.Debug|Any CPU.Build.0 = Debug|Any CPU
		{1AAE85B1-C501-4E79-949C-247CB92A6077}.Release|Any CPU.ActiveCfg = Release|Any CPU
		{1AAE85B1-C501-4E79-949C-247CB92A6077}.Release|Any CPU.Build.0 = Release|Any CPU
	EndGlobalSection
	GlobalSection(SolutionProperties) = preSolution
		HideSolutionNode = FALSE
	EndGlobalSection
	GlobalSection(ExtensibilityGlobals) = postSolution
		SolutionGuid = {02CC1C21-F1D1-42DE-9A1C-EBF133F2F10C}
	EndGlobalSection
EndGlobal
